// !$*UTF8*$!
{
	archiveVersion = 1;
	classes = {
	};
	objectVersion = 50;
	objects = {

/* Begin PBXBuildFile section */
		8347024023FBCAB50040AEB4 /* AppDelegate.swift in Sources */ = {isa = PBXBuildFile; fileRef = 8347023F23FBCAB50040AEB4 /* AppDelegate.swift */; };
		8347024223FBCAB50040AEB4 /* SceneDelegate.swift in Sources */ = {isa = PBXBuildFile; fileRef = 8347024123FBCAB50040AEB4 /* SceneDelegate.swift */; };
		8347024423FBCAB50040AEB4 /* ViewController.swift in Sources */ = {isa = PBXBuildFile; fileRef = 8347024323FBCAB50040AEB4 /* ViewController.swift */; };
		8347024723FBCAB50040AEB4 /* Main.storyboard in Resources */ = {isa = PBXBuildFile; fileRef = 8347024523FBCAB50040AEB4 /* Main.storyboard */; };
		8347024923FBCAC80040AEB4 /* Assets.xcassets in Resources */ = {isa = PBXBuildFile; fileRef = 8347024823FBCAC80040AEB4 /* Assets.xcassets */; };
		8347024C23FBCAC80040AEB4 /* LaunchScreen.storyboard in Resources */ = {isa = PBXBuildFile; fileRef = 8347024A23FBCAC80040AEB4 /* LaunchScreen.storyboard */; };
/* End PBXBuildFile section */

/* Begin PBXFileReference section */
		8347023C23FBCAB50040AEB4 /* ImageChangedOnLabel.app */ = {isa = PBXFileReference; explicitFileType = wrapper.application; includeInIndex = 0; path = ImageChangedOnLabel.app; sourceTree = BUILT_PRODUCTS_DIR; };
		8347023F23FBCAB50040AEB4 /* AppDelegate.swift */ = {isa = PBXFileReference; lastKnownFileType = sourcecode.swift; path = AppDelegate.swift; sourceTree = "<group>"; };
		8347024123FBCAB50040AEB4 /* SceneDelegate.swift */ = {isa = PBXFileReference; lastKnownFileType = sourcecode.swift; path = SceneDelegate.swift; sourceTree = "<group>"; };
		8347024323FBCAB50040AEB4 /* ViewController.swift */ = {isa = PBXFileReference; lastKnownFileType = sourcecode.swift; path = ViewController.swift; sourceTree = "<group>"; };
		8347024623FBCAB50040AEB4 /* Base */ = {isa = PBXFileReference; lastKnownFileType = file.storyboard; name = Base; path = Base.lproj/Main.storyboard; sourceTree = "<group>"; };
		8347024823FBCAC80040AEB4 /* Assets.xcassets */ = {isa = PBXFileReference; lastKnownFileType = folder.assetcatalog; path = Assets.xcassets; sourceTree = "<group>"; };
		8347024B23FBCAC80040AEB4 /* Base */ = {isa = PBXFileReference; lastKnownFileType = file.storyboard; name = Base; path = Base.lproj/LaunchScreen.storyboard; sourceTree = "<group>"; };
		8347024D23FBCAC80040AEB4 /* Info.plist */ = {isa = PBXFileReference; lastKnownFileType = text.plist.xml; path = Info.plist; sourceTree = "<group>"; };
/* End PBXFileReference section */

/* Begin PBXFrameworksBuildPhase section */
		8347023923FBCAB50040AEB4 /* Frameworks */ = {
			isa = PBXFrameworksBuildPhase;
			buildActionMask = 2147483647;
			files = (
			);
			runOnlyForDeploymentPostprocessing = 0;
		};
/* End PBXFrameworksBuildPhase section */

/* Begin PBXGroup section */
		8347023323FBCAB40040AEB4 = {
			isa = PBXGroup;
			children = (
				8347023E23FBCAB50040AEB4 /* ImageChangedOnLabel */,
				8347023D23FBCAB50040AEB4 /* Products */,
			);
			sourceTree = "<group>";
		};
		8347023D23FBCAB50040AEB4 /* Products */ = {
			isa = PBXGroup;
			children = (
				8347023C23FBCAB50040AEB4 /* ImageChangedOnLabel.app */,
			);
			name = Products;
			sourceTree = "<group>";
		};
		8347023E23FBCAB50040AEB4 /* ImageChangedOnLabel */ = {
			isa = PBXGroup;
			children = (
				8347023F23FBCAB50040AEB4 /* AppDelegate.swift */,
				8347024123FBCAB50040AEB4 /* SceneDelegate.swift */,
				8347024323FBCAB50040AEB4 /* ViewController.swift */,
				8347024523FBCAB50040AEB4 /* Main.storyboard */,
				8347024823FBCAC80040AEB4 /* Assets.xcassets */,
				8347024A23FBCAC80040AEB4 /* LaunchScreen.storyboard */,
				8347024D23FBCAC80040AEB4 /* Info.plist */,
			);
			path = ImageChangedOnLabel;
			sourceTree = "<group>";
		};
/* End PBXGroup section */

/* Begin PBXNativeTarget section */
		8347023B23FBCAB50040AEB4 /* ImageChangedOnLabel */ = {
			isa = PBXNativeTarget;
			buildConfigurationList = 8347025023FBCAC80040AEB4 /* Build configuration list for PBXNativeTarget "ImageChangedOnLabel" */;
			buildPhases = (
				8347023823FBCAB50040AEB4 /* Sources */,
				8347023923FBCAB50040AEB4 /* Frameworks */,
				8347023A23FBCAB50040AEB4 /* Resources */,
			);
			buildRules = (
			);
			dependencies = (
			);
			name = ImageChangedOnLabel;
			productName = ImageChangedOnLabel;
			productReference = 8347023C23FBCAB50040AEB4 /* ImageChangedOnLabel.app */;
			productType = "com.apple.product-type.application";
		};
/* End PBXNativeTarget section */

/* Begin PBXProject section */
		8347023423FBCAB40040AEB4 /* Project object */ = {
			isa = PBXProject;
			attributes = {
				LastSwiftUpdateCheck = 1130;
				LastUpgradeCheck = 1130;
				ORGANIZATIONNAME = "Abid AB";
				TargetAttributes = {
					8347023B23FBCAB50040AEB4 = {
						CreatedOnToolsVersion = 11.3.1;
					};
				};
			};
			buildConfigurationList = 8347023723FBCAB40040AEB4 /* Build configuration list for PBXProject "ImageChangedOnLabel" */;
			compatibilityVersion = "Xcode 9.3";
			developmentRegion = en;
			hasScannedForEncodings = 0;
			knownRegions = (
				en,
				Base,
			);
			mainGroup = 8347023323FBCAB40040AEB4;
			productRefGroup = 8347023D23FBCAB50040AEB4 /* Products */;
			projectDirPath = "";
			projectRoot = "";
			targets = (
				8347023B23FBCAB50040AEB4 /* ImageChangedOnLabel */,
			);
		};
/* End PBXProject section */

/* Begin PBXResourcesBuildPhase section */
		8347023A23FBCAB50040AEB4 /* Resources */ = {
			isa = PBXResourcesBuildPhase;
			buildActionMask = 2147483647;
			files = (
				8347024C23FBCAC80040AEB4 /* LaunchScreen.storyboard in Resources */,
				8347024923FBCAC80040AEB4 /* Assets.xcassets in Resources */,
				8347024723FBCAB50040AEB4 /* Main.storyboard in Resources */,
			);
			runOnlyForDeploymentPostprocessing = 0;
		};
/* End PBXResourcesBuildPhase section */

/* Begin PBXSourcesBuildPhase section */
		8347023823FBCAB50040AEB4 /* Sources */ = {
			isa = PBXSourcesBuildPhase;
			buildActionMask = 2147483647;
			files = (
				8347024423FBCAB50040AEB4 /* ViewController.swift in Sources */,
				8347024023FBCAB50040AEB4 /* AppDelegate.swift in Sources */,
				8347024223FBCAB50040AEB4 /* SceneDelegate.swift in Sources */,
			);
			runOnlyForDeploymentPostprocessing = 0;
		};
/* End PBXSourcesBuildPhase section */

/* Begin PBXVariantGroup section */
		8347024523FBCAB50040AEB4 /* Main.storyboard */ = {
			isa = PBXVariantGroup;
			children = (
				8347024623FBCAB50040AEB4 /* Base */,
			);
			name = Main.storyboard;
			sourceTree = "<group>";
		};
		8347024A23FBCAC80040AEB4 /* LaunchScreen.storyboard */ = {
			isa = PBXVariantGroup;
			children = (
				8347024B23FBCAC80040AEB4 /* Base */,
			);
			name = LaunchScreen.storyboard;
			sourceTree = "<group>";
		};
/* End PBXVariantGroup section */

/* Begin XCBuildConfiguration section */
		8347024E23FBCAC80040AEB4 /* Debug */ = {
			isa = XCBuildConfiguration;
			buildSettings = {
				ALWAYS_SEARCH_USER_PATHS = NO;
				CLANG_ANALYZER_NONNULL = YES;
				CLANG_ANALYZER_NUMBER_OBJECT_CONVERSION = YES_AGGRESSIVE;
				CLANG_CXX_LANGUAGE_STANDARD = "gnu++14";
				CLANG_CXX_LIBRARY = "libc++";
				CLANG_ENABLE_MODULES = YES;
				CLANG_ENABLE_OBJC_ARC = YES;
				CLANG_ENABLE_OBJC_WEAK = YES;
				CLANG_WARN_BLOCK_CAPTURE_AUTORELEASING = YES;
				CLANG_WARN_BOOL_CONVERSION = YES;
				CLANG_WARN_COMMA = YES;
				CLANG_WARN_CONSTANT_CONVERSION = YES;
				CLANG_WARN_DEPRECATED_OBJC_IMPLEMENTATIONS = YES;
				CLANG_WARN_DIRECT_OBJC_ISA_USAGE = YES_ERROR;
				CLANG_WARN_DOCUMENTATION_COMMENTS = YES;
				CLANG_WARN_EMPTY_BODY = YES;
				CLANG_WARN_ENUM_CONVERSION = YES;
				CLANG_WARN_INFINITE_RECURSION = YES;
				CLANG_WARN_INT_CONVERSION = YES;
				CLANG_WARN_NON_LITERAL_NULL_CONVERSION = YES;
				CLANG_WARN_OBJC_IMPLICIT_RETAIN_SELF = YES;
				CLANG_WARN_OBJC_LITERAL_CONVERSION = YES;
				CLANG_WARN_OBJC_ROOT_CLASS = YES_ERROR;
				CLANG_WARN_RANGE_LOOP_ANALYSIS = YES;
				CLANG_WARN_STRICT_PROTOTYPES = YES;
				CLANG_WARN_SUSPICIOUS_MOVE = YES;
				CLANG_WARN_UNGUARDED_AVAILABILITY = YES_AGGRESSIVE;
				CLANG_WARN_UNREACHABLE_CODE = YES;
				CLANG_WARN__DUPLICATE_METHOD_MATCH = YES;
				COPY_PHASE_STRIP = NO;
				DEBUG_INFORMATION_FORMAT = dwarf;
				ENABLE_STRICT_OBJC_MSGSEND = YES;
				ENABLE_TESTABILITY = YES;
				GCC_C_LANGUAGE_STANDARD = gnu11;
				GCC_DYNAMIC_NO_PIC = NO;
				GCC_NO_COMMON_BLOCKS = YES;
				GCC_OPTIMIZATION_LEVEL = 0;
				GCC_PREPROCESSOR_DEFINITIONS = (
					"DEBUG=1",
					"$(inherited)",
				);
				GCC_WARN_64_TO_32_BIT_CONVERSION = YES;
				GCC_WARN_ABOUT_RETURN_TYPE = YES_ERROR;
				GCC_WARN_UNDECLARED_SELECTOR = YES;
				GCC_WARN_UNINITIALIZED_AUTOS = YES_AGGRESSIVE;
				GCC_WARN_UNUSED_FUNCTION = YES;
				GCC_WARN_UNUSED_VARIABLE = YES;
				IPHONEOS_DEPLOYMENT_TARGET = 13.2;
				MTL_ENABLE_DEBUG_INFO = INCLUDE_SOURCE;
				MTL_FAST_MATH = YES;
				ONLY_ACTIVE_ARCH = YES;
				SDKROOT = iphoneos;
				SWIFT_ACTIVE_COMPILATION_CONDITIONS = DEBUG;
				SWIFT_OPTIMIZATION_LEVEL = "-Onone";
			};
			name = Debug;
		};
		8347024F23FBCAC80040AEB4 /* Release */ = {
			isa = XCBuildConfiguration;
			buildSettings = {
				ALWAYS_SEARCH_USER_PATHS = NO;
				CLANG_ANALYZER_NONNULL = YES;
				CLANG_ANALYZER_NUMBER_OBJECT_CONVERSION = YES_AGGRESSIVE;
				CLANG_CXX_LANGUAGE_STANDARD = "gnu++14";
				CLANG_CXX_LIBRARY = "libc++";
				CLANG_ENABLE_MODULES = YES;
				CLANG_ENABLE_OBJC_ARC = YES;
				CLANG_ENABLE_OBJC_WEAK = YES;
				CLANG_WARN_BLOCK_CAPTURE_AUTORELEASING = YES;
				CLANG_WARN_BOOL_CONVERSION = YES;
				CLANG_WARN_COMMA = YES;
				CLANG_WARN_CONSTANT_CONVERSION = YES;
				CLANG_WARN_DEPRECATED_OBJC_IMPLEMENTATIONS = YES;
				CLANG_WARN_DIRECT_OBJC_ISA_USAGE = YES_ERROR;
				CLANG_WARN_DOCUMENTATION_COMMENTS = YES;
				CLANG_WARN_EMPTY_BODY = YES;
				CLANG_WARN_ENUM_CONVERSION = YES;
				CLANG_WARN_INFINITE_RECURSION = YES;
				CLANG_WARN_INT_CONVERSION = YES;
				CLANG_WARN_NON_LITERAL_NULL_CONVERSION = YES;
				CLANG_WARN_OBJC_IMPLICIT_RETAIN_SELF = YES;
				CLANG_WARN_OBJC_LITERAL_CONVERSION = YES;
				CLANG_WARN_OBJC_ROOT_CLASS = YES_ERROR;
				CLANG_WARN_RANGE_LOOP_ANALYSIS = YES;
				CLANG_WARN_STRICT_PROTOTYPES = YES;
				CLANG_WARN_SUSPICIOUS_MOVE = YES;
				CLANG_WARN_UNGUARDED_AVAILABILITY = YES_AGGRESSIVE;
				CLANG_WARN_UNREACHABLE_CODE = YES;
				CLANG_WARN__DUPLICATE_METHOD_MATCH = YES;
				COPY_PHASE_STRIP = NO;
				DEBUG_INFORMATION_FORMAT = "dwarf-with-dsym";
				ENABLE_NS_ASSERTIONS = NO;
				ENABLE_STRICT_OBJC_MSGSEND = YES;
				GCC_C_LANGUAGE_STANDARD = gnu11;
				GCC_NO_COMMON_BLOCKS = YES;
				GCC_WARN_64_TO_32_BIT_CONVERSION = YES;
				GCC_WARN_ABOUT_RETURN_TYPE = YES_ERROR;
				GCC_WARN_UNDECLARED_SELECTOR = YES;
				GCC_WARN_UNINITIALIZED_AUTOS = YES_AGGRESSIVE;
				GCC_WARN_UNUSED_FUNCTION = YES;
				GCC_WARN_UNUSED_VARIABLE = YES;
				IPHONEOS_DEPLOYMENT_TARGET = 13.2;
				MTL_ENABLE_DEBUG_INFO = NO;
				MTL_FAST_MATH = YES;
				SDKROOT = iphoneos;
				SWIFT_COMPILATION_MODE = wholemodule;
				SWIFT_OPTIMIZATION_LEVEL = "-O";
				VALIDATE_PRODUCT = YES;
			};
			name = Release;
		};
		8347025123FBCAC80040AEB4 /* Debug */ = {
			isa = XCBuildConfiguration;
			buildSettings = {
				ASSETCATALOG_COMPILER_APPICON_NAME = AppIcon;
				CODE_SIGN_STYLE = Automatic;
				INFOPLIST_FILE = ImageChangedOnLabel/Info.plist;
				LD_RUNPATH_SEARCH_PATHS = (
					"$(inherited)",
					"@executable_path/Frameworks",
				);
				PRODUCT_BUNDLE_IDENTIFIER = ab.com.ImageChangedOnLabel;
				PRODUCT_NAME = "$(TARGET_NAME)";
				SWIFT_VERSION = 5.0;
				TARGETED_DEVICE_FAMILY = "1,2";
			};
			name = Debug;
		};
		8347025223FBCAC80040AEB4 /* Release */ = {
			isa = XCBuildConfiguration;
			buildSettings = {
				ASSETCATALOG_COMPILER_APPICON_NAME = AppIcon;
				CODE_SIGN_STYLE = Automatic;
				INFOPLIST_FILE = ImageChangedOnLabel/Info.plist;
				LD_RUNPATH_SEARCH_PATHS = (
					"$(inherited)",
					"@executable_path/Frameworks",
				);
				PRODUCT_BUNDLE_IDENTIFIER = ab.com.ImageChangedOnLabel;
				PRODUCT_NAME = "$(TARGET_NAME)";
				SWIFT_VERSION = 5.0;
				TARGETED_DEVICE_FAMILY = "1,2";
			};
			name = Release;
		};
/* End XCBuildConfiguration section */

/* Begin XCConfigurationList section */
		8347023723FBCAB40040AEB4 /* Build configuration list for PBXProject "ImageChangedOnLabel" */ = {
			isa = XCConfigurationList;
			buildConfigurations = (
				8347024E23FBCAC80040AEB4 /* Debug */,
				8347024F23FBCAC80040AEB4 /* Release */,
			);
			defaultConfigurationIsVisible = 0;
			defaultConfigurationName = Release;
		};
		8347025023FBCAC80040AEB4 /* Build configuration list for PBXNativeTarget "ImageChangedOnLabel" */ = {
			isa = XCConfigurationList;
			buildConfigurations = (
				8347025123FBCAC80040AEB4 /* Debug */,
				8347025223FBCAC80040AEB4 /* Release */,
			);
			defaultConfigurationIsVisible = 0;
			defaultConfigurationName = Release;
		};
/* End XCConfigurationList section */
	};
	rootObject = 8347023423FBCAB40040AEB4 /* Project object */;
}
